{
  "name": "custom-controls",
  "lockfileVersion": 3,
  "requires": true,
  "packages": {
    "": {
      "name": "custom-controls",
      "devDependencies": {
        "controls": "file:../controls"
      }
    },
    "../controls": {},
    "node_modules/controls": {
      "resolved": "../controls",
      "link": true
    }
  }
}
